
Microsoft Visual Studio Solution File, Format Version 12.00
# Visual Studio Version 17
VisualStudioVersion = 17.10.34916.146
MinimumVisualStudioVersion = 10.0.40219.1
Project("{FAE04EC0-301F-11D3-BF4B-00C04F79EFBC}") = "Ch02FutueValueChaudhary", "Ch02FutueValueChaudhary.csproj", "{7410DCDF-9581-4ADA-8F7E-4C3DFEE7C92A}"
EndProject
Global
	GlobalSection(SolutionConfigurationPlatforms) = preSolution
		Debug|Any CPU = Debug|Any CPU
		Release|Any CPU = Release|Any CPU
	EndGlobalSection
	GlobalSection(ProjectConfigurationPlatforms) = postSolution
		{7410DCDF-9581-4ADA-8F7E-4C3DFEE7C92A}.Debug|Any CPU.ActiveCfg = Debug|Any CPU
		{7410DCDF-9581-4ADA-8F7E-4C3DFEE7C92A}.Debug|Any CPU.Build.0 = Debug|Any CPU
		{7410DCDF-9581-4ADA-8F7E-4C3DFEE7C92A}.Release|Any CPU.ActiveCfg = Release|Any CPU
		{7410DCDF-9581-4ADA-8F7E-4C3DFEE7C92A}.Release|Any CPU.Build.0 = Release|Any CPU
	EndGlobalSection
	GlobalSection(SolutionProperties) = preSolution
		HideSolutionNode = FALSE
	EndGlobalSection
	GlobalSection(ExtensibilityGlobals) = postSolution
		SolutionGuid = {7CA5D677-DB6F-4656-A860-960E6DC99D1F}
	EndGlobalSection
EndGlobal
