
Microsoft Visual Studio Solution File, Format Version 12.00
# Visual Studio Version 17
VisualStudioVersion = 17.10.34916.146
MinimumVisualStudioVersion = 10.0.40219.1
Project("{FAE04EC0-301F-11D3-BF4B-00C04F79EFBC}") = "FirstResponsiveWebAppChaudhary", "FirstResponsiveWebAppChaudhary.csproj", "{89C130E3-78A2-458E-9C0C-65EE718FA57B}"
EndProject
Global
	GlobalSection(SolutionConfigurationPlatforms) = preSolution
		Debug|Any CPU = Debug|Any CPU
		Release|Any CPU = Release|Any CPU
	EndGlobalSection
	GlobalSection(ProjectConfigurationPlatforms) = postSolution
		{89C130E3-78A2-458E-9C0C-65EE718FA57B}.Debug|Any CPU.ActiveCfg = Debug|Any CPU
		{89C130E3-78A2-458E-9C0C-65EE718FA57B}.Debug|Any CPU.Build.0 = Debug|Any CPU
		{89C130E3-78A2-458E-9C0C-65EE718FA57B}.Release|Any CPU.ActiveCfg = Release|Any CPU
		{89C130E3-78A2-458E-9C0C-65EE718FA57B}.Release|Any CPU.Build.0 = Release|Any CPU
	EndGlobalSection
	GlobalSection(SolutionProperties) = preSolution
		HideSolutionNode = FALSE
	EndGlobalSection
	GlobalSection(ExtensibilityGlobals) = postSolution
		SolutionGuid = {EFCB39A4-651B-41B3-B7CC-DAB55E636357}
	EndGlobalSection
EndGlobal
